// !$*UTF8*$!
{
	archiveVersion = 1;
	classes = {
	};
	objectVersion = 46;
	objects = {

/* Begin PBXBuildFile section */
		A3108AE11C80FF64001E2E57 /* String+Fonts.swift in Sources */ = {isa = PBXBuildFile; fileRef = A3108AE01C80FF64001E2E57 /* String+Fonts.swift */; };
		A331401E1C77F36C004ACCA5 /* KitCore.framework in Frameworks */ = {isa = PBXBuildFile; fileRef = A331401D1C77F36C004ACCA5 /* KitCore.framework */; };
		A33140821C780807004ACCA5 /* Animator.swift in Sources */ = {isa = PBXBuildFile; fileRef = A33140651C780807004ACCA5 /* Animator.swift */; };
		A33140831C780807004ACCA5 /* RevealAnimator.swift in Sources */ = {isa = PBXBuildFile; fileRef = A33140661C780807004ACCA5 /* RevealAnimator.swift */; };
		A33140841C780807004ACCA5 /* DeviceInfo.swift in Sources */ = {isa = PBXBuildFile; fileRef = A33140681C780807004ACCA5 /* DeviceInfo.swift */; };
		A33140851C780807004ACCA5 /* Kerner.swift in Sources */ = {isa = PBXBuildFile; fileRef = A33140691C780807004ACCA5 /* Kerner.swift */; };
		A33140861C780807004ACCA5 /* UIColor+PosseExt.swift in Sources */ = {isa = PBXBuildFile; fileRef = A331406B1C780807004ACCA5 /* UIColor+PosseExt.swift */; };
		A33140871C780807004ACCA5 /* UIEdgeInsets+PosseExt.swift in Sources */ = {isa = PBXBuildFile; fileRef = A331406C1C780807004ACCA5 /* UIEdgeInsets+PosseExt.swift */; };
		A33140881C780807004ACCA5 /* UIFont+PosseExt.swift in Sources */ = {isa = PBXBuildFile; fileRef = A331406D1C780807004ACCA5 /* UIFont+PosseExt.swift */; };
		A33140891C780807004ACCA5 /* UIImage+PosseExt.swift in Sources */ = {isa = PBXBuildFile; fileRef = A331406E1C780807004ACCA5 /* UIImage+PosseExt.swift */; };
		A331408A1C780807004ACCA5 /* UIViewController+Modals.swift in Sources */ = {isa = PBXBuildFile; fileRef = A331406F1C780807004ACCA5 /* UIViewController+Modals.swift */; };
		A331408B1C780807004ACCA5 /* KeyboardLayoutConstraint.swift in Sources */ = {isa = PBXBuildFile; fileRef = A33140721C780807004ACCA5 /* KeyboardLayoutConstraint.swift */; };
		A331408C1C780807004ACCA5 /* Modal.swift in Sources */ = {isa = PBXBuildFile; fileRef = A33140741C780807004ACCA5 /* Modal.swift */; };
		A331408D1C780807004ACCA5 /* ModalInfo.swift in Sources */ = {isa = PBXBuildFile; fileRef = A33140751C780807004ACCA5 /* ModalInfo.swift */; };
		A331408E1C780807004ACCA5 /* ModalManager.swift in Sources */ = {isa = PBXBuildFile; fileRef = A33140761C780807004ACCA5 /* ModalManager.swift */; };
		A331408F1C780807004ACCA5 /* Toast.swift in Sources */ = {isa = PBXBuildFile; fileRef = A33140781C780807004ACCA5 /* Toast.swift */; };
		A33140901C780807004ACCA5 /* ToastManager.swift in Sources */ = {isa = PBXBuildFile; fileRef = A33140791C780807004ACCA5 /* ToastManager.swift */; };
		A33140911C780807004ACCA5 /* Button.swift in Sources */ = {isa = PBXBuildFile; fileRef = A331407B1C780807004ACCA5 /* Button.swift */; };
		A33140921C780807004ACCA5 /* CenteredTitleView.swift in Sources */ = {isa = PBXBuildFile; fileRef = A331407C1C780807004ACCA5 /* CenteredTitleView.swift */; };
		A33140931C780807004ACCA5 /* Checkbox.swift in Sources */ = {isa = PBXBuildFile; fileRef = A331407D1C780807004ACCA5 /* Checkbox.swift */; };
		A33140941C780807004ACCA5 /* CircularProgressView.swift in Sources */ = {isa = PBXBuildFile; fileRef = A331407E1C780807004ACCA5 /* CircularProgressView.swift */; };
		A33140951C780807004ACCA5 /* PagingCollectionView.swift in Sources */ = {isa = PBXBuildFile; fileRef = A331407F1C780807004ACCA5 /* PagingCollectionView.swift */; };
		A33140961C780807004ACCA5 /* TabBar.swift in Sources */ = {isa = PBXBuildFile; fileRef = A33140801C780807004ACCA5 /* TabBar.swift */; };
		A33140971C780807004ACCA5 /* Tappable.swift in Sources */ = {isa = PBXBuildFile; fileRef = A33140811C780807004ACCA5 /* Tappable.swift */; };
		A33140D71C7837BD004ACCA5 /* BannerToast.swift in Sources */ = {isa = PBXBuildFile; fileRef = A33140D51C7837BD004ACCA5 /* BannerToast.swift */; };
		A33140D81C7837BD004ACCA5 /* PopupToast.swift in Sources */ = {isa = PBXBuildFile; fileRef = A33140D61C7837BD004ACCA5 /* PopupToast.swift */; };
		A38514991C778D1D00BABCC6 /* KitUI.framework in Frameworks */ = {isa = PBXBuildFile; fileRef = A385148E1C778D1C00BABCC6 /* KitUI.framework */; };
		A38514AC1C778E0E00BABCC6 /* PosseKit_UI.h in Headers */ = {isa = PBXBuildFile; fileRef = A38514AA1C778E0E00BABCC6 /* PosseKit_UI.h */; settings = {ATTRIBUTES = (Public, ); }; };
/* End PBXBuildFile section */

/* Begin PBXContainerItemProxy section */
		A385149A1C778D1D00BABCC6 /* PBXContainerItemProxy */ = {
			isa = PBXContainerItemProxy;
			containerPortal = A38514851C778D1C00BABCC6 /* Project object */;
			proxyType = 1;
			remoteGlobalIDString = A385148D1C778D1C00BABCC6;
			remoteInfo = Kit.Core;
		};
/* End PBXContainerItemProxy section */

/* Begin PBXFileReference section */
		A3108AE01C80FF64001E2E57 /* String+Fonts.swift */ = {isa = PBXFileReference; fileEncoding = 4; lastKnownFileType = sourcecode.swift; path = "String+Fonts.swift"; sourceTree = "<group>"; };
		A331401D1C77F36C004ACCA5 /* KitCore.framework */ = {isa = PBXFileReference; lastKnownFileType = wrapper.framework; name = KitCore.framework; path = Carthage/Build/iOS/KitCore.framework; sourceTree = "<group>"; };
		A33140651C780807004ACCA5 /* Animator.swift */ = {isa = PBXFileReference; fileEncoding = 4; lastKnownFileType = sourcecode.swift; path = Animator.swift; sourceTree = "<group>"; };
		A33140661C780807004ACCA5 /* RevealAnimator.swift */ = {isa = PBXFileReference; fileEncoding = 4; lastKnownFileType = sourcecode.swift; path = RevealAnimator.swift; sourceTree = "<group>"; };
		A33140681C780807004ACCA5 /* DeviceInfo.swift */ = {isa = PBXFileReference; fileEncoding = 4; lastKnownFileType = sourcecode.swift; path = DeviceInfo.swift; sourceTree = "<group>"; };
		A33140691C780807004ACCA5 /* Kerner.swift */ = {isa = PBXFileReference; fileEncoding = 4; lastKnownFileType = sourcecode.swift; path = Kerner.swift; sourceTree = "<group>"; };
		A331406B1C780807004ACCA5 /* UIColor+PosseExt.swift */ = {isa = PBXFileReference; fileEncoding = 4; lastKnownFileType = sourcecode.swift; path = "UIColor+PosseExt.swift"; sourceTree = "<group>"; };
		A331406C1C780807004ACCA5 /* UIEdgeInsets+PosseExt.swift */ = {isa = PBXFileReference; fileEncoding = 4; lastKnownFileType = sourcecode.swift; path = "UIEdgeInsets+PosseExt.swift"; sourceTree = "<group>"; };
		A331406D1C780807004ACCA5 /* UIFont+PosseExt.swift */ = {isa = PBXFileReference; fileEncoding = 4; lastKnownFileType = sourcecode.swift; path = "UIFont+PosseExt.swift"; sourceTree = "<group>"; };
		A331406E1C780807004ACCA5 /* UIImage+PosseExt.swift */ = {isa = PBXFileReference; fileEncoding = 4; lastKnownFileType = sourcecode.swift; path = "UIImage+PosseExt.swift"; sourceTree = "<group>"; };
		A331406F1C780807004ACCA5 /* UIViewController+Modals.swift */ = {isa = PBXFileReference; fileEncoding = 4; lastKnownFileType = sourcecode.swift; path = "UIViewController+Modals.swift"; sourceTree = "<group>"; };
		A33140721C780807004ACCA5 /* KeyboardLayoutConstraint.swift */ = {isa = PBXFileReference; fileEncoding = 4; lastKnownFileType = sourcecode.swift; path = KeyboardLayoutConstraint.swift; sourceTree = "<group>"; };
		A33140741C780807004ACCA5 /* Modal.swift */ = {isa = PBXFileReference; fileEncoding = 4; lastKnownFileType = sourcecode.swift; path = Modal.swift; sourceTree = "<group>"; };
		A33140751C780807004ACCA5 /* ModalInfo.swift */ = {isa = PBXFileReference; fileEncoding = 4; lastKnownFileType = sourcecode.swift; path = ModalInfo.swift; sourceTree = "<group>"; };
		A33140761C780807004ACCA5 /* ModalManager.swift */ = {isa = PBXFileReference; fileEncoding = 4; lastKnownFileType = sourcecode.swift; path = ModalManager.swift; sourceTree = "<group>"; };
		A33140781C780807004ACCA5 /* Toast.swift */ = {isa = PBXFileReference; fileEncoding = 4; lastKnownFileType = sourcecode.swift; path = Toast.swift; sourceTree = "<group>"; };
		A33140791C780807004ACCA5 /* ToastManager.swift */ = {isa = PBXFileReference; fileEncoding = 4; lastKnownFileType = sourcecode.swift; path = ToastManager.swift; sourceTree = "<group>"; };
		A331407B1C780807004ACCA5 /* Button.swift */ = {isa = PBXFileReference; fileEncoding = 4; lastKnownFileType = sourcecode.swift; path = Button.swift; sourceTree = "<group>"; };
		A331407C1C780807004ACCA5 /* CenteredTitleView.swift */ = {isa = PBXFileReference; fileEncoding = 4; lastKnownFileType = sourcecode.swift; path = CenteredTitleView.swift; sourceTree = "<group>"; };
		A331407D1C780807004ACCA5 /* Checkbox.swift */ = {isa = PBXFileReference; fileEncoding = 4; lastKnownFileType = sourcecode.swift; path = Checkbox.swift; sourceTree = "<group>"; };
		A331407E1C780807004ACCA5 /* CircularProgressView.swift */ = {isa = PBXFileReference; fileEncoding = 4; lastKnownFileType = sourcecode.swift; path = CircularProgressView.swift; sourceTree = "<group>"; };
		A331407F1C780807004ACCA5 /* PagingCollectionView.swift */ = {isa = PBXFileReference; fileEncoding = 4; lastKnownFileType = sourcecode.swift; path = PagingCollectionView.swift; sourceTree = "<group>"; };
		A33140801C780807004ACCA5 /* TabBar.swift */ = {isa = PBXFileReference; fileEncoding = 4; lastKnownFileType = sourcecode.swift; path = TabBar.swift; sourceTree = "<group>"; };
		A33140811C780807004ACCA5 /* Tappable.swift */ = {isa = PBXFileReference; fileEncoding = 4; lastKnownFileType = sourcecode.swift; path = Tappable.swift; sourceTree = "<group>"; };
		A33140D51C7837BD004ACCA5 /* BannerToast.swift */ = {isa = PBXFileReference; fileEncoding = 4; lastKnownFileType = sourcecode.swift; path = BannerToast.swift; sourceTree = "<group>"; };
		A33140D61C7837BD004ACCA5 /* PopupToast.swift */ = {isa = PBXFileReference; fileEncoding = 4; lastKnownFileType = sourcecode.swift; path = PopupToast.swift; sourceTree = "<group>"; };
		A33140E21C78436E004ACCA5 /* Cartfile */ = {isa = PBXFileReference; fileEncoding = 4; lastKnownFileType = text; path = Cartfile; sourceTree = "<group>"; };
		A33140E41C78437A004ACCA5 /* LICENSE */ = {isa = PBXFileReference; fileEncoding = 4; lastKnownFileType = text; path = LICENSE; sourceTree = "<group>"; };
		A33140E51C78437A004ACCA5 /* README.md */ = {isa = PBXFileReference; fileEncoding = 4; lastKnownFileType = net.daringfireball.markdown; path = README.md; sourceTree = "<group>"; };
		A385148E1C778D1C00BABCC6 /* KitUI.framework */ = {isa = PBXFileReference; explicitFileType = wrapper.framework; includeInIndex = 0; path = KitUI.framework; sourceTree = BUILT_PRODUCTS_DIR; };
		A38514981C778D1D00BABCC6 /* KitUITests.xctest */ = {isa = PBXFileReference; explicitFileType = wrapper.cfbundle; includeInIndex = 0; path = KitUITests.xctest; sourceTree = BUILT_PRODUCTS_DIR; };
		A38514A91C778E0E00BABCC6 /* Info.plist */ = {isa = PBXFileReference; fileEncoding = 4; lastKnownFileType = text.plist.xml; name = Info.plist; path = Config/Info.plist; sourceTree = "<group>"; };
		A38514AA1C778E0E00BABCC6 /* PosseKit_UI.h */ = {isa = PBXFileReference; fileEncoding = 4; lastKnownFileType = sourcecode.c.h; name = PosseKit_UI.h; path = Config/PosseKit_UI.h; sourceTree = "<group>"; };
/* End PBXFileReference section */

/* Begin PBXFrameworksBuildPhase section */
		A385148A1C778D1C00BABCC6 /* Frameworks */ = {
			isa = PBXFrameworksBuildPhase;
			buildActionMask = 2147483647;
			files = (
				A331401E1C77F36C004ACCA5 /* KitCore.framework in Frameworks */,
			);
			runOnlyForDeploymentPostprocessing = 0;
		};
		A38514951C778D1D00BABCC6 /* Frameworks */ = {
			isa = PBXFrameworksBuildPhase;
			buildActionMask = 2147483647;
			files = (
				A38514991C778D1D00BABCC6 /* KitUI.framework in Frameworks */,
			);
			runOnlyForDeploymentPostprocessing = 0;
		};
/* End PBXFrameworksBuildPhase section */

/* Begin PBXGroup section */
		A331401C1C77F34B004ACCA5 /* Library */ = {
			isa = PBXGroup;
			children = (
				A331401D1C77F36C004ACCA5 /* KitCore.framework */,
			);
			name = Library;
			sourceTree = "<group>";
		};
		A33140641C780807004ACCA5 /* Animators */ = {
			isa = PBXGroup;
			children = (
				A33140651C780807004ACCA5 /* Animator.swift */,
				A33140661C780807004ACCA5 /* RevealAnimator.swift */,
			);
			name = Animators;
			path = Source/animators;
			sourceTree = SOURCE_ROOT;
		};
		A33140671C780807004ACCA5 /* Common */ = {
			isa = PBXGroup;
			children = (
				A33140681C780807004ACCA5 /* DeviceInfo.swift */,
				A33140691C780807004ACCA5 /* Kerner.swift */,
			);
			name = Common;
			path = Source/common;
			sourceTree = SOURCE_ROOT;
		};
		A331406A1C780807004ACCA5 /* Extensions */ = {
			isa = PBXGroup;
			children = (
				A331406B1C780807004ACCA5 /* UIColor+PosseExt.swift */,
				A331406C1C780807004ACCA5 /* UIEdgeInsets+PosseExt.swift */,
				A331406D1C780807004ACCA5 /* UIFont+PosseExt.swift */,
				A331406E1C780807004ACCA5 /* UIImage+PosseExt.swift */,
				A331406F1C780807004ACCA5 /* UIViewController+Modals.swift */,
				A3108AE01C80FF64001E2E57 /* String+Fonts.swift */,
			);
			name = Extensions;
			path = Source/extensions;
			sourceTree = SOURCE_ROOT;
		};
		A33140711C780807004ACCA5 /* Layout */ = {
			isa = PBXGroup;
			children = (
				A33140721C780807004ACCA5 /* KeyboardLayoutConstraint.swift */,
			);
			name = Layout;
			path = Source/layout;
			sourceTree = SOURCE_ROOT;
		};
		A33140731C780807004ACCA5 /* Modals */ = {
			isa = PBXGroup;
			children = (
				A33140741C780807004ACCA5 /* Modal.swift */,
				A33140751C780807004ACCA5 /* ModalInfo.swift */,
				A33140761C780807004ACCA5 /* ModalManager.swift */,
			);
			name = Modals;
			path = Source/modals;
			sourceTree = SOURCE_ROOT;
		};
		A33140771C780807004ACCA5 /* Toasts */ = {
			isa = PBXGroup;
			children = (
				A33140781C780807004ACCA5 /* Toast.swift */,
				A33140791C780807004ACCA5 /* ToastManager.swift */,
			);
			name = Toasts;
			path = Source/toasts;
			sourceTree = SOURCE_ROOT;
		};
		A331407A1C780807004ACCA5 /* Views */ = {
			isa = PBXGroup;
			children = (
				A331407B1C780807004ACCA5 /* Button.swift */,
				A331407C1C780807004ACCA5 /* CenteredTitleView.swift */,
				A331407D1C780807004ACCA5 /* Checkbox.swift */,
				A331407E1C780807004ACCA5 /* CircularProgressView.swift */,
				A331407F1C780807004ACCA5 /* PagingCollectionView.swift */,
				A33140801C780807004ACCA5 /* TabBar.swift */,
				A33140811C780807004ACCA5 /* Tappable.swift */,
			);
			name = Views;
			path = Source/views;
			sourceTree = SOURCE_ROOT;
		};
		A33140D31C7837BD004ACCA5 /* Add-ons */ = {
			isa = PBXGroup;
			children = (
				A33140D41C7837BD004ACCA5 /* Toasts */,
			);
			name = "Add-ons";
			path = "Source/add-ons";
			sourceTree = SOURCE_ROOT;
		};
		A33140D41C7837BD004ACCA5 /* Toasts */ = {
			isa = PBXGroup;
			children = (
				A33140D51C7837BD004ACCA5 /* BannerToast.swift */,
				A33140D61C7837BD004ACCA5 /* PopupToast.swift */,
			);
			name = Toasts;
			path = toasts;
			sourceTree = "<group>";
		};
		A38514841C778D1C00BABCC6 = {
			isa = PBXGroup;
			children = (
				A38514A81C778DFE00BABCC6 /* Config */,
				A38514901C778D1C00BABCC6 /* Source */,
				A385149C1C778D1D00BABCC6 /* Tests */,
				A331401C1C77F34B004ACCA5 /* Library */,
				A385148F1C778D1C00BABCC6 /* Products */,
				A33140E41C78437A004ACCA5 /* LICENSE */,
				A33140E51C78437A004ACCA5 /* README.md */,
			);
			sourceTree = "<group>";
		};
		A385148F1C778D1C00BABCC6 /* Products */ = {
			isa = PBXGroup;
			children = (
				A385148E1C778D1C00BABCC6 /* KitUI.framework */,
				A38514981C778D1D00BABCC6 /* KitUITests.xctest */,
			);
			name = Products;
			sourceTree = "<group>";
		};
		A38514901C778D1C00BABCC6 /* Source */ = {
			isa = PBXGroup;
			children = (
				A33140D31C7837BD004ACCA5 /* Add-ons */,
				A33140641C780807004ACCA5 /* Animators */,
				A33140671C780807004ACCA5 /* Common */,
				A331406A1C780807004ACCA5 /* Extensions */,
				A33140711C780807004ACCA5 /* Layout */,
				A33140731C780807004ACCA5 /* Modals */,
				A33140771C780807004ACCA5 /* Toasts */,
				A331407A1C780807004ACCA5 /* Views */,
			);
			name = Source;
			path = Kit.Core;
			sourceTree = "<group>";
		};
		A385149C1C778D1D00BABCC6 /* Tests */ = {
			isa = PBXGroup;
			children = (
			);
			name = Tests;
			path = Kit.CoreTests;
			sourceTree = "<group>";
		};
		A38514A81C778DFE00BABCC6 /* Config */ = {
			isa = PBXGroup;
			children = (
				A33140E21C78436E004ACCA5 /* Cartfile */,
				A38514A91C778E0E00BABCC6 /* Info.plist */,
				A38514AA1C778E0E00BABCC6 /* PosseKit_UI.h */,
			);
			name = Config;
			sourceTree = "<group>";
		};
/* End PBXGroup section */

/* Begin PBXHeadersBuildPhase section */
		A385148B1C778D1C00BABCC6 /* Headers */ = {
			isa = PBXHeadersBuildPhase;
			buildActionMask = 2147483647;
			files = (
				A38514AC1C778E0E00BABCC6 /* PosseKit_UI.h in Headers */,
			);
			runOnlyForDeploymentPostprocessing = 0;
		};
/* End PBXHeadersBuildPhase section */

/* Begin PBXNativeTarget section */
		A385148D1C778D1C00BABCC6 /* KitUI */ = {
			isa = PBXNativeTarget;
			buildConfigurationList = A38514A21C778D1D00BABCC6 /* Build configuration list for PBXNativeTarget "KitUI" */;
			buildPhases = (
				A38514891C778D1C00BABCC6 /* Sources */,
				A385148A1C778D1C00BABCC6 /* Frameworks */,
				A385148B1C778D1C00BABCC6 /* Headers */,
				A385148C1C778D1C00BABCC6 /* Resources */,
			);
			buildRules = (
			);
			dependencies = (
			);
			name = KitUI;
			productName = Kit.Core;
			productReference = A385148E1C778D1C00BABCC6 /* KitUI.framework */;
			productType = "com.apple.product-type.framework";
		};
		A38514971C778D1D00BABCC6 /* KitUITests */ = {
			isa = PBXNativeTarget;
			buildConfigurationList = A38514A51C778D1D00BABCC6 /* Build configuration list for PBXNativeTarget "KitUITests" */;
			buildPhases = (
				A38514941C778D1D00BABCC6 /* Sources */,
				A38514951C778D1D00BABCC6 /* Frameworks */,
				A38514961C778D1D00BABCC6 /* Resources */,
			);
			buildRules = (
			);
			dependencies = (
				A385149B1C778D1D00BABCC6 /* PBXTargetDependency */,
			);
			name = KitUITests;
			productName = Kit.CoreTests;
			productReference = A38514981C778D1D00BABCC6 /* KitUITests.xctest */;
			productType = "com.apple.product-type.bundle.unit-test";
		};
/* End PBXNativeTarget section */

/* Begin PBXProject section */
		A38514851C778D1C00BABCC6 /* Project object */ = {
			isa = PBXProject;
			attributes = {
				LastSwiftUpdateCheck = 0720;
				LastUpgradeCheck = 0720;
				ORGANIZATIONNAME = "Posse Productions LLC";
				TargetAttributes = {
					A385148D1C778D1C00BABCC6 = {
						CreatedOnToolsVersion = 7.2.1;
					};
					A38514971C778D1D00BABCC6 = {
						CreatedOnToolsVersion = 7.2.1;
					};
				};
			};
			buildConfigurationList = A38514881C778D1C00BABCC6 /* Build configuration list for PBXProject "UI" */;
			compatibilityVersion = "Xcode 3.2";
			developmentRegion = English;
			hasScannedForEncodings = 0;
			knownRegions = (
				en,
			);
			mainGroup = A38514841C778D1C00BABCC6;
			productRefGroup = A385148F1C778D1C00BABCC6 /* Products */;
			projectDirPath = "";
			projectRoot = "";
			targets = (
				A385148D1C778D1C00BABCC6 /* KitUI */,
				A38514971C778D1D00BABCC6 /* KitUITests */,
			);
		};
/* End PBXProject section */

/* Begin PBXResourcesBuildPhase section */
		A385148C1C778D1C00BABCC6 /* Resources */ = {
			isa = PBXResourcesBuildPhase;
			buildActionMask = 2147483647;
			files = (
			);
			runOnlyForDeploymentPostprocessing = 0;
		};
		A38514961C778D1D00BABCC6 /* Resources */ = {
			isa = PBXResourcesBuildPhase;
			buildActionMask = 2147483647;
			files = (
			);
			runOnlyForDeploymentPostprocessing = 0;
		};
/* End PBXResourcesBuildPhase section */

/* Begin PBXSourcesBuildPhase section */
		A38514891C778D1C00BABCC6 /* Sources */ = {
			isa = PBXSourcesBuildPhase;
			buildActionMask = 2147483647;
			files = (
				A33140901C780807004ACCA5 /* ToastManager.swift in Sources */,
				A331408C1C780807004ACCA5 /* Modal.swift in Sources */,
				A33140931C780807004ACCA5 /* Checkbox.swift in Sources */,
				A33140921C780807004ACCA5 /* CenteredTitleView.swift in Sources */,
				A33140891C780807004ACCA5 /* UIImage+PosseExt.swift in Sources */,
				A33140D81C7837BD004ACCA5 /* PopupToast.swift in Sources */,
				A33140911C780807004ACCA5 /* Button.swift in Sources */,
				A33140961C780807004ACCA5 /* TabBar.swift in Sources */,
				A33140951C780807004ACCA5 /* PagingCollectionView.swift in Sources */,
				A33140971C780807004ACCA5 /* Tappable.swift in Sources */,
				A331408A1C780807004ACCA5 /* UIViewController+Modals.swift in Sources */,
				A331408D1C780807004ACCA5 /* ModalInfo.swift in Sources */,
				A3108AE11C80FF64001E2E57 /* String+Fonts.swift in Sources */,
				A33140821C780807004ACCA5 /* Animator.swift in Sources */,
				A331408B1C780807004ACCA5 /* KeyboardLayoutConstraint.swift in Sources */,
				A33140841C780807004ACCA5 /* DeviceInfo.swift in Sources */,
				A33140881C780807004ACCA5 /* UIFont+PosseExt.swift in Sources */,
				A33140861C780807004ACCA5 /* UIColor+PosseExt.swift in Sources */,
				A33140851C780807004ACCA5 /* Kerner.swift in Sources */,
				A331408E1C780807004ACCA5 /* ModalManager.swift in Sources */,
				A33140831C780807004ACCA5 /* RevealAnimator.swift in Sources */,
				A33140871C780807004ACCA5 /* UIEdgeInsets+PosseExt.swift in Sources */,
				A33140D71C7837BD004ACCA5 /* BannerToast.swift in Sources */,
				A331408F1C780807004ACCA5 /* Toast.swift in Sources */,
				A33140941C780807004ACCA5 /* CircularProgressView.swift in Sources */,
			);
			runOnlyForDeploymentPostprocessing = 0;
		};
		A38514941C778D1D00BABCC6 /* Sources */ = {
			isa = PBXSourcesBuildPhase;
			buildActionMask = 2147483647;
			files = (
			);
			runOnlyForDeploymentPostprocessing = 0;
		};
/* End PBXSourcesBuildPhase section */

/* Begin PBXTargetDependency section */
		A385149B1C778D1D00BABCC6 /* PBXTargetDependency */ = {
			isa = PBXTargetDependency;
			target = A385148D1C778D1C00BABCC6 /* KitUI */;
			targetProxy = A385149A1C778D1D00BABCC6 /* PBXContainerItemProxy */;
		};
/* End PBXTargetDependency section */

/* Begin XCBuildConfiguration section */
		A38514A01C778D1D00BABCC6 /* Debug */ = {
			isa = XCBuildConfiguration;
			buildSettings = {
				ALWAYS_SEARCH_USER_PATHS = NO;
				CLANG_CXX_LANGUAGE_STANDARD = "gnu++0x";
				CLANG_CXX_LIBRARY = "libc++";
				CLANG_ENABLE_MODULES = YES;
				CLANG_ENABLE_OBJC_ARC = YES;
				CLANG_WARN_BOOL_CONVERSION = YES;
				CLANG_WARN_CONSTANT_CONVERSION = YES;
				CLANG_WARN_DIRECT_OBJC_ISA_USAGE = YES_ERROR;
				CLANG_WARN_EMPTY_BODY = YES;
				CLANG_WARN_ENUM_CONVERSION = YES;
				CLANG_WARN_INT_CONVERSION = YES;
				CLANG_WARN_OBJC_ROOT_CLASS = YES_ERROR;
				CLANG_WARN_UNREACHABLE_CODE = YES;
				CLANG_WARN__DUPLICATE_METHOD_MATCH = YES;
				"CODE_SIGN_IDENTITY[sdk=iphoneos*]" = "iPhone Developer";
				COPY_PHASE_STRIP = NO;
				CURRENT_PROJECT_VERSION = 1;
				DEBUG_INFORMATION_FORMAT = dwarf;
				ENABLE_STRICT_OBJC_MSGSEND = YES;
				ENABLE_TESTABILITY = YES;
				GCC_C_LANGUAGE_STANDARD = gnu99;
				GCC_DYNAMIC_NO_PIC = NO;
				GCC_NO_COMMON_BLOCKS = YES;
				GCC_OPTIMIZATION_LEVEL = 0;
				GCC_PREPROCESSOR_DEFINITIONS = (
					"DEBUG=1",
					"$(inherited)",
				);
				GCC_WARN_64_TO_32_BIT_CONVERSION = YES;
				GCC_WARN_ABOUT_RETURN_TYPE = YES_ERROR;
				GCC_WARN_UNDECLARED_SELECTOR = YES;
				GCC_WARN_UNINITIALIZED_AUTOS = YES_AGGRESSIVE;
				GCC_WARN_UNUSED_FUNCTION = YES;
				GCC_WARN_UNUSED_VARIABLE = YES;
				IPHONEOS_DEPLOYMENT_TARGET = 8.2;
				MTL_ENABLE_DEBUG_INFO = YES;
				ONLY_ACTIVE_ARCH = YES;
				SDKROOT = iphoneos;
				SWIFT_OPTIMIZATION_LEVEL = "-Onone";
				TARGETED_DEVICE_FAMILY = "1,2";
				VERSIONING_SYSTEM = "apple-generic";
				VERSION_INFO_PREFIX = "";
			};
			name = Debug;
		};
		A38514A11C778D1D00BABCC6 /* Release */ = {
			isa = XCBuildConfiguration;
			buildSettings = {
				ALWAYS_SEARCH_USER_PATHS = NO;
				CLANG_CXX_LANGUAGE_STANDARD = "gnu++0x";
				CLANG_CXX_LIBRARY = "libc++";
				CLANG_ENABLE_MODULES = YES;
				CLANG_ENABLE_OBJC_ARC = YES;
				CLANG_WARN_BOOL_CONVERSION = YES;
				CLANG_WARN_CONSTANT_CONVERSION = YES;
				CLANG_WARN_DIRECT_OBJC_ISA_USAGE = YES_ERROR;
				CLANG_WARN_EMPTY_BODY = YES;
				CLANG_WARN_ENUM_CONVERSION = YES;
				CLANG_WARN_INT_CONVERSION = YES;
				CLANG_WARN_OBJC_ROOT_CLASS = YES_ERROR;
				CLANG_WARN_UNREACHABLE_CODE = YES;
				CLANG_WARN__DUPLICATE_METHOD_MATCH = YES;
				"CODE_SIGN_IDENTITY[sdk=iphoneos*]" = "iPhone Developer";
				COPY_PHASE_STRIP = NO;
				CURRENT_PROJECT_VERSION = 1;
				DEBUG_INFORMATION_FORMAT = "dwarf-with-dsym";
				ENABLE_NS_ASSERTIONS = NO;
				ENABLE_STRICT_OBJC_MSGSEND = YES;
				GCC_C_LANGUAGE_STANDARD = gnu99;
				GCC_NO_COMMON_BLOCKS = YES;
				GCC_WARN_64_TO_32_BIT_CONVERSION = YES;
				GCC_WARN_ABOUT_RETURN_TYPE = YES_ERROR;
				GCC_WARN_UNDECLARED_SELECTOR = YES;
				GCC_WARN_UNINITIALIZED_AUTOS = YES_AGGRESSIVE;
				GCC_WARN_UNUSED_FUNCTION = YES;
				GCC_WARN_UNUSED_VARIABLE = YES;
				IPHONEOS_DEPLOYMENT_TARGET = 8.2;
				MTL_ENABLE_DEBUG_INFO = NO;
				SDKROOT = iphoneos;
				TARGETED_DEVICE_FAMILY = "1,2";
				VALIDATE_PRODUCT = YES;
				VERSIONING_SYSTEM = "apple-generic";
				VERSION_INFO_PREFIX = "";
			};
			name = Release;
		};
		A38514A31C778D1D00BABCC6 /* Debug */ = {
			isa = XCBuildConfiguration;
			buildSettings = {
				APPLICATION_EXTENSION_API_ONLY = YES;
				CLANG_ENABLE_MODULES = YES;
				DEFINES_MODULE = YES;
				DYLIB_COMPATIBILITY_VERSION = 1;
				DYLIB_CURRENT_VERSION = 1;
				DYLIB_INSTALL_NAME_BASE = "@rpath";
				FRAMEWORK_SEARCH_PATHS = (
					"$(inherited)",
					"$(PROJECT_DIR)/Carthage/Build/iOS",
				);
				GENERATE_PROFILING_CODE = YES;
				INFOPLIST_FILE = "$(SRCROOT)/Config/Info.plist";
				INSTALL_PATH = "$(LOCAL_LIBRARY_DIR)/Frameworks";
				IPHONEOS_DEPLOYMENT_TARGET = 8.2;
				LD_DYLIB_INSTALL_NAME = "$(DYLIB_INSTALL_NAME_BASE:standardizepath)/KitUI.framework/KitUI";
				LD_RUNPATH_SEARCH_PATHS = "$(inherited) @executable_path/Frameworks @loader_path/Frameworks";
				PRODUCT_BUNDLE_IDENTIFIER = com.goposse.kit.ui;
				PRODUCT_NAME = "$(TARGET_NAME)";
				RUN_CLANG_STATIC_ANALYZER = YES;
				SKIP_INSTALL = YES;
				SWIFT_OPTIMIZATION_LEVEL = "-Onone";
			};
			name = Debug;
		};
		A38514A41C778D1D00BABCC6 /* Release */ = {
			isa = XCBuildConfiguration;
			buildSettings = {
				APPLICATION_EXTENSION_API_ONLY = YES;
				CLANG_ENABLE_MODULES = YES;
				DEFINES_MODULE = YES;
				DYLIB_COMPATIBILITY_VERSION = 1;
				DYLIB_CURRENT_VERSION = 1;
				DYLIB_INSTALL_NAME_BASE = "@rpath";
				FRAMEWORK_SEARCH_PATHS = (
					"$(inherited)",
					"$(PROJECT_DIR)/Carthage/Build/iOS",
				);
				INFOPLIST_FILE = "$(SRCROOT)/Config/Info.plist";
				INSTALL_PATH = "$(LOCAL_LIBRARY_DIR)/Frameworks";
				IPHONEOS_DEPLOYMENT_TARGET = 8.2;
				LD_DYLIB_INSTALL_NAME = "$(DYLIB_INSTALL_NAME_BASE:standardizepath)/KitUI.framework/KitUI";
				LD_RUNPATH_SEARCH_PATHS = "$(inherited) @executable_path/Frameworks @loader_path/Frameworks";
				PRODUCT_BUNDLE_IDENTIFIER = com.goposse.kit.ui;
				PRODUCT_NAME = "$(TARGET_NAME)";
				SKIP_INSTALL = YES;
			};
			name = Release;
		};
		A38514A61C778D1D00BABCC6 /* Debug */ = {
			isa = XCBuildConfiguration;
			buildSettings = {
				INFOPLIST_FILE = Kit.CoreTests/Info.plist;
				LD_RUNPATH_SEARCH_PATHS = "$(inherited) @executable_path/Frameworks @loader_path/Frameworks";
				PRODUCT_BUNDLE_IDENTIFIER = "com.goposse.Kit-CoreTests";
				PRODUCT_NAME = "$(TARGET_NAME)";
			};
			name = Debug;
		};
		A38514A71C778D1D00BABCC6 /* Release */ = {
			isa = XCBuildConfiguration;
			buildSettings = {
				INFOPLIST_FILE = Kit.CoreTests/Info.plist;
				LD_RUNPATH_SEARCH_PATHS = "$(inherited) @executable_path/Frameworks @loader_path/Frameworks";
				PRODUCT_BUNDLE_IDENTIFIER = "com.goposse.Kit-CoreTests";
				PRODUCT_NAME = "$(TARGET_NAME)";
			};
			name = Release;
		};
/* End XCBuildConfiguration section */

/* Begin XCConfigurationList section */
		A38514881C778D1C00BABCC6 /* Build configuration list for PBXProject "UI" */ = {
			isa = XCConfigurationList;
			buildConfigurations = (
				A38514A01C778D1D00BABCC6 /* Debug */,
				A38514A11C778D1D00BABCC6 /* Release */,
			);
			defaultConfigurationIsVisible = 0;
			defaultConfigurationName = Release;
		};
		A38514A21C778D1D00BABCC6 /* Build configuration list for PBXNativeTarget "KitUI" */ = {
			isa = XCConfigurationList;
			buildConfigurations = (
				A38514A31C778D1D00BABCC6 /* Debug */,
				A38514A41C778D1D00BABCC6 /* Release */,
			);
			defaultConfigurationIsVisible = 0;
			defaultConfigurationName = Release;
		};
		A38514A51C778D1D00BABCC6 /* Build configuration list for PBXNativeTarget "KitUITests" */ = {
			isa = XCConfigurationList;
			buildConfigurations = (
				A38514A61C778D1D00BABCC6 /* Debug */,
				A38514A71C778D1D00BABCC6 /* Release */,
			);
			defaultConfigurationIsVisible = 0;
			defaultConfigurationName = Release;
		};
/* End XCConfigurationList section */
	};
	rootObject = A38514851C778D1C00BABCC6 /* Project object */;
}
